// !$*UTF8*$!
{
	archiveVersion = 1;
	classes = {
	};
	objectVersion = 46;
	objects = {

/* Begin PBXBuildFile section */
		2F39B0671AA4298700575A76 /* main.m in Sources */ = {isa = PBXBuildFile; fileRef = 2F39B0661AA4298700575A76 /* main.m */; };
		2F39B06A1AA4298700575A76 /* AppDelegate.m in Sources */ = {isa = PBXBuildFile; fileRef = 2F39B0691AA4298700575A76 /* AppDelegate.m */; };
		2F39B06D1AA4298800575A76 /* ViewController.m in Sources */ = {isa = PBXBuildFile; fileRef = 2F39B06C1AA4298800575A76 /* ViewController.m */; };
		2F39B0701AA4298800575A76 /* Main.storyboard in Resources */ = {isa = PBXBuildFile; fileRef = 2F39B06E1AA4298800575A76 /* Main.storyboard */; };
		2F39B0721AA4298800575A76 /* Images.xcassets in Resources */ = {isa = PBXBuildFile; fileRef = 2F39B0711AA4298800575A76 /* Images.xcassets */; };
		2F39B0751AA4298800575A76 /* LaunchScreen.xib in Resources */ = {isa = PBXBuildFile; fileRef = 2F39B0731AA4298800575A76 /* LaunchScreen.xib */; };
		2F39B0811AA4298800575A76 /* NewsTests.m in Sources */ = {isa = PBXBuildFile; fileRef = 2F39B0801AA4298800575A76 /* NewsTests.m */; };
/* End PBXBuildFile section */

/* Begin PBXContainerItemProxy section */
		2F39B07B1AA4298800575A76 /* PBXContainerItemProxy */ = {
			isa = PBXContainerItemProxy;
			containerPortal = 2F39B0591AA4298700575A76 /* Project object */;
			proxyType = 1;
			remoteGlobalIDString = 2F39B0601AA4298700575A76;
			remoteInfo = News;
		};
/* End PBXContainerItemProxy section */

/* Begin PBXFileReference section */
		2F39B0611AA4298700575A76 /* News.app */ = {isa = PBXFileReference; explicitFileType = wrapper.application; includeInIndex = 0; path = News.app; sourceTree = BUILT_PRODUCTS_DIR; };
		2F39B0651AA4298700575A76 /* Info.plist */ = {isa = PBXFileReference; lastKnownFileType = text.plist.xml; path = Info.plist; sourceTree = "<group>"; };
		2F39B0661AA4298700575A76 /* main.m */ = {isa = PBXFileReference; lastKnownFileType = sourcecode.c.objc; path = main.m; sourceTree = "<group>"; };
		2F39B0681AA4298700575A76 /* AppDelegate.h */ = {isa = PBXFileReference; lastKnownFileType = sourcecode.c.h; path = AppDelegate.h; sourceTree = "<group>"; };
		2F39B0691AA4298700575A76 /* AppDelegate.m */ = {isa = PBXFileReference; lastKnownFileType = sourcecode.c.objc; path = AppDelegate.m; sourceTree = "<group>"; };
		2F39B06B1AA4298700575A76 /* ViewController.h */ = {isa = PBXFileReference; lastKnownFileType = sourcecode.c.h; path = ViewController.h; sourceTree = "<group>"; };
		2F39B06C1AA4298800575A76 /* ViewController.m */ = {isa = PBXFileReference; lastKnownFileType = sourcecode.c.objc; path = ViewController.m; sourceTree = "<group>"; };
		2F39B06F1AA4298800575A76 /* Base */ = {isa = PBXFileReference; lastKnownFileType = file.storyboard; name = Base; path = Base.lproj/Main.storyboard; sourceTree = "<group>"; };
		2F39B0711AA4298800575A76 /* Images.xcassets */ = {isa = PBXFileReference; lastKnownFileType = folder.assetcatalog; path = Images.xcassets; sourceTree = "<group>"; };
		2F39B0741AA4298800575A76 /* Base */ = {isa = PBXFileReference; lastKnownFileType = file.xib; name = Base; path = Base.lproj/LaunchScreen.xib; sourceTree = "<group>"; };
		2F39B07A1AA4298800575A76 /* NewsTests.xctest */ = {isa = PBXFileReference; explicitFileType = wrapper.cfbundle; includeInIndex = 0; path = NewsTests.xctest; sourceTree = BUILT_PRODUCTS_DIR; };
		2F39B07F1AA4298800575A76 /* Info.plist */ = {isa = PBXFileReference; lastKnownFileType = text.plist.xml; path = Info.plist; sourceTree = "<group>"; };
		2F39B0801AA4298800575A76 /* NewsTests.m */ = {isa = PBXFileReference; lastKnownFileType = sourcecode.c.objc; path = NewsTests.m; sourceTree = "<group>"; };
/* End PBXFileReference section */

/* Begin PBXFrameworksBuildPhase section */
		2F39B05E1AA4298700575A76 /* Frameworks */ = {
			isa = PBXFrameworksBuildPhase;
			buildActionMask = 2147483647;
			files = (
			);
			runOnlyForDeploymentPostprocessing = 0;
		};
		2F39B0771AA4298800575A76 /* Frameworks */ = {
			isa = PBXFrameworksBuildPhase;
			buildActionMask = 2147483647;
			files = (
			);
			runOnlyForDeploymentPostprocessing = 0;
		};
/* End PBXFrameworksBuildPhase section */

/* Begin PBXGroup section */
		2F39B0581AA4298700575A76 = {
			isa = PBXGroup;
			children = (
				2F39B0631AA4298700575A76 /* News */,
				2F39B07D1AA4298800575A76 /* NewsTests */,
				2F39B0621AA4298700575A76 /* Products */,
			);
			sourceTree = "<group>";
		};
		2F39B0621AA4298700575A76 /* Products */ = {
			isa = PBXGroup;
			children = (
				2F39B0611AA4298700575A76 /* News.app */,
				2F39B07A1AA4298800575A76 /* NewsTests.xctest */,
			);
			name = Products;
			sourceTree = "<group>";
		};
		2F39B0631AA4298700575A76 /* News */ = {
			isa = PBXGroup;
			children = (
				2F39B0681AA4298700575A76 /* AppDelegate.h */,
				2F39B0691AA4298700575A76 /* AppDelegate.m */,
				2F39B06B1AA4298700575A76 /* ViewController.h */,
				2F39B06C1AA4298800575A76 /* ViewController.m */,
				2F39B06E1AA4298800575A76 /* Main.storyboard */,
				2F39B0711AA4298800575A76 /* Images.xcassets */,
				2F39B0731AA4298800575A76 /* LaunchScreen.xib */,
				2F39B0641AA4298700575A76 /* Supporting Files */,
			);
			path = News;
			sourceTree = "<group>";
		};
		2F39B0641AA4298700575A76 /* Supporting Files */ = {
			isa = PBXGroup;
			children = (
				2F39B0651AA4298700575A76 /* Info.plist */,
				2F39B0661AA4298700575A76 /* main.m */,
			);
			name = "Supporting Files";
			sourceTree = "<group>";
		};
		2F39B07D1AA4298800575A76 /* NewsTests */ = {
			isa = PBXGroup;
			children = (
				2F39B0801AA4298800575A76 /* NewsTests.m */,
				2F39B07E1AA4298800575A76 /* Supporting Files */,
			);
			path = NewsTests;
			sourceTree = "<group>";
		};
		2F39B07E1AA4298800575A76 /* Supporting Files */ = {
			isa = PBXGroup;
			children = (
				2F39B07F1AA4298800575A76 /* Info.plist */,
			);
			name = "Supporting Files";
			sourceTree = "<group>";
		};
/* End PBXGroup section */

/* Begin PBXNativeTarget section */
		2F39B0601AA4298700575A76 /* News */ = {
			isa = PBXNativeTarget;
			buildConfigurationList = 2F39B0841AA4298800575A76 /* Build configuration list for PBXNativeTarget "News" */;
			buildPhases = (
				2F39B05D1AA4298700575A76 /* Sources */,
				2F39B05E1AA4298700575A76 /* Frameworks */,
				2F39B05F1AA4298700575A76 /* Resources */,
			);
			buildRules = (
			);
			dependencies = (
			);
			name = News;
			productName = News;
			productReference = 2F39B0611AA4298700575A76 /* News.app */;
			productType = "com.apple.product-type.application";
		};
		2F39B0791AA4298800575A76 /* NewsTests */ = {
			isa = PBXNativeTarget;
			buildConfigurationList = 2F39B0871AA4298800575A76 /* Build configuration list for PBXNativeTarget "NewsTests" */;
			buildPhases = (
				2F39B0761AA4298800575A76 /* Sources */,
				2F39B0771AA4298800575A76 /* Frameworks */,
				2F39B0781AA4298800575A76 /* Resources */,
			);
			buildRules = (
			);
			dependencies = (
				2F39B07C1AA4298800575A76 /* PBXTargetDependency */,
			);
			name = NewsTests;
			productName = NewsTests;
			productReference = 2F39B07A1AA4298800575A76 /* NewsTests.xctest */;
			productType = "com.apple.product-type.bundle.unit-test";
		};
/* End PBXNativeTarget section */

/* Begin PBXProject section */
		2F39B0591AA4298700575A76 /* Project object */ = {
			isa = PBXProject;
			attributes = {
				LastUpgradeCheck = 0610;
				ORGANIZATIONNAME = lee;
				TargetAttributes = {
					2F39B0601AA4298700575A76 = {
						CreatedOnToolsVersion = 6.1.1;
					};
					2F39B0791AA4298800575A76 = {
						CreatedOnToolsVersion = 6.1.1;
						TestTargetID = 2F39B0601AA4298700575A76;
					};
				};
			};
			buildConfigurationList = 2F39B05C1AA4298700575A76 /* Build configuration list for PBXProject "News" */;
			compatibilityVersion = "Xcode 3.2";
			developmentRegion = English;
			hasScannedForEncodings = 0;
			knownRegions = (
				en,
				Base,
			);
			mainGroup = 2F39B0581AA4298700575A76;
			productRefGroup = 2F39B0621AA4298700575A76 /* Products */;
			projectDirPath = "";
			projectRoot = "";
			targets = (
				2F39B0601AA4298700575A76 /* News */,
				2F39B0791AA4298800575A76 /* NewsTests */,
			);
		};
/* End PBXProject section */

/* Begin PBXResourcesBuildPhase section */
		2F39B05F1AA4298700575A76 /* Resources */ = {
			isa = PBXResourcesBuildPhase;
			buildActionMask = 2147483647;
			files = (
				2F39B0701AA4298800575A76 /* Main.storyboard in Resources */,
				2F39B0751AA4298800575A76 /* LaunchScreen.xib in Resources */,
				2F39B0721AA4298800575A76 /* Images.xcassets in Resources */,
			);
			runOnlyForDeploymentPostprocessing = 0;
		};
		2F39B0781AA4298800575A76 /* Resources */ = {
			isa = PBXResourcesBuildPhase;
			buildActionMask = 2147483647;
			files = (
			);
			runOnlyForDeploymentPostprocessing = 0;
		};
/* End PBXResourcesBuildPhase section */

/* Begin PBXSourcesBuildPhase section */
		2F39B05D1AA4298700575A76 /* Sources */ = {
			isa = PBXSourcesBuildPhase;
			buildActionMask = 2147483647;
			files = (
				2F39B06D1AA4298800575A76 /* ViewController.m in Sources */,
				2F39B06A1AA4298700575A76 /* AppDelegate.m in Sources */,
				2F39B0671AA4298700575A76 /* main.m in Sources */,
			);
			runOnlyForDeploymentPostprocessing = 0;
		};
		2F39B0761AA4298800575A76 /* Sources */ = {
			isa = PBXSourcesBuildPhase;
			buildActionMask = 2147483647;
			files = (
				2F39B0811AA4298800575A76 /* NewsTests.m in Sources */,
			);
			runOnlyForDeploymentPostprocessing = 0;
		};
/* End PBXSourcesBuildPhase section */

/* Begin PBXTargetDependency section */
		2F39B07C1AA4298800575A76 /* PBXTargetDependency */ = {
			isa = PBXTargetDependency;
			target = 2F39B0601AA4298700575A76 /* News */;
			targetProxy = 2F39B07B1AA4298800575A76 /* PBXContainerItemProxy */;
		};
/* End PBXTargetDependency section */

/* Begin PBXVariantGroup section */
		2F39B06E1AA4298800575A76 /* Main.storyboard */ = {
			isa = PBXVariantGroup;
			children = (
				2F39B06F1AA4298800575A76 /* Base */,
			);
			name = Main.storyboard;
			sourceTree = "<group>";
		};
		2F39B0731AA4298800575A76 /* LaunchScreen.xib */ = {
			isa = PBXVariantGroup;
			children = (
				2F39B0741AA4298800575A76 /* Base */,
			);
			name = LaunchScreen.xib;
			sourceTree = "<group>";
		};
/* End PBXVariantGroup section */

/* Begin XCBuildConfiguration section */
		2F39B0821AA4298800575A76 /* Debug */ = {
			isa = XCBuildConfiguration;
			buildSettings = {
				ALWAYS_SEARCH_USER_PATHS = NO;
				CLANG_CXX_LANGUAGE_STANDARD = "gnu++0x";
				CLANG_CXX_LIBRARY = "libc++";
				CLANG_ENABLE_MODULES = YES;
				CLANG_ENABLE_OBJC_ARC = YES;
				CLANG_WARN_BOOL_CONVERSION = YES;
				CLANG_WARN_CONSTANT_CONVERSION = YES;
				CLANG_WARN_DIRECT_OBJC_ISA_USAGE = YES_ERROR;
				CLANG_WARN_EMPTY_BODY = YES;
				CLANG_WARN_ENUM_CONVERSION = YES;
				CLANG_WARN_INT_CONVERSION = YES;
				CLANG_WARN_OBJC_ROOT_CLASS = YES_ERROR;
				CLANG_WARN_UNREACHABLE_CODE = YES;
				CLANG_WARN__DUPLICATE_METHOD_MATCH = YES;
				"CODE_SIGN_IDENTITY[sdk=iphoneos*]" = "iPhone Developer";
				COPY_PHASE_STRIP = NO;
				ENABLE_STRICT_OBJC_MSGSEND = YES;
				GCC_C_LANGUAGE_STANDARD = gnu99;
				GCC_DYNAMIC_NO_PIC = NO;
				GCC_OPTIMIZATION_LEVEL = 0;
				GCC_PREPROCESSOR_DEFINITIONS = (
					"DEBUG=1",
					"$(inherited)",
				);
				GCC_SYMBOLS_PRIVATE_EXTERN = NO;
				GCC_WARN_64_TO_32_BIT_CONVERSION = YES;
				GCC_WARN_ABOUT_RETURN_TYPE = YES_ERROR;
				GCC_WARN_UNDECLARED_SELECTOR = YES;
				GCC_WARN_UNINITIALIZED_AUTOS = YES_AGGRESSIVE;
				GCC_WARN_UNUSED_FUNCTION = YES;
				GCC_WARN_UNUSED_VARIABLE = YES;
				IPHONEOS_DEPLOYMENT_TARGET = 8.1;
				MTL_ENABLE_DEBUG_INFO = YES;
				ONLY_ACTIVE_ARCH = YES;
				SDKROOT = iphoneos;
			};
			name = Debug;
		};
		2F39B0831AA4298800575A76 /* Release */ = {
			isa = XCBuildConfiguration;
			buildSettings = {
				ALWAYS_SEARCH_USER_PATHS = NO;
				CLANG_CXX_LANGUAGE_STANDARD = "gnu++0x";
				CLANG_CXX_LIBRARY = "libc++";
				CLANG_ENABLE_MODULES = YES;
				CLANG_ENABLE_OBJC_ARC = YES;
				CLANG_WARN_BOOL_CONVERSION = YES;
				CLANG_WARN_CONSTANT_CONVERSION = YES;
				CLANG_WARN_DIRECT_OBJC_ISA_USAGE = YES_ERROR;
				CLANG_WARN_EMPTY_BODY = YES;
				CLANG_WARN_ENUM_CONVERSION = YES;
				CLANG_WARN_INT_CONVERSION = YES;
				CLANG_WARN_OBJC_ROOT_CLASS = YES_ERROR;
				CLANG_WARN_UNREACHABLE_CODE = YES;
				CLANG_WARN__DUPLICATE_METHOD_MATCH = YES;
				"CODE_SIGN_IDENTITY[sdk=iphoneos*]" = "iPhone Developer";
				COPY_PHASE_STRIP = YES;
				ENABLE_NS_ASSERTIONS = NO;
				ENABLE_STRICT_OBJC_MSGSEND = YES;
				GCC_C_LANGUAGE_STANDARD = gnu99;
				GCC_WARN_64_TO_32_BIT_CONVERSION = YES;
				GCC_WARN_ABOUT_RETURN_TYPE = YES_ERROR;
				GCC_WARN_UNDECLARED_SELECTOR = YES;
				GCC_WARN_UNINITIALIZED_AUTOS = YES_AGGRESSIVE;
				GCC_WARN_UNUSED_FUNCTION = YES;
				GCC_WARN_UNUSED_VARIABLE = YES;
				IPHONEOS_DEPLOYMENT_TARGET = 8.1;
				MTL_ENABLE_DEBUG_INFO = NO;
				SDKROOT = iphoneos;
				VALIDATE_PRODUCT = YES;
			};
			name = Release;
		};
		2F39B0851AA4298800575A76 /* Debug */ = {
			isa = XCBuildConfiguration;
			buildSettings = {
				ASSETCATALOG_COMPILER_APPICON_NAME = AppIcon;
				INFOPLIST_FILE = News/Info.plist;
				LD_RUNPATH_SEARCH_PATHS = "$(inherited) @executable_path/Frameworks";
				PRODUCT_NAME = "$(TARGET_NAME)";
			};
			name = Debug;
		};
		2F39B0861AA4298800575A76 /* Release */ = {
			isa = XCBuildConfiguration;
			buildSettings = {
				ASSETCATALOG_COMPILER_APPICON_NAME = AppIcon;
				INFOPLIST_FILE = News/Info.plist;
				LD_RUNPATH_SEARCH_PATHS = "$(inherited) @executable_path/Frameworks";
				PRODUCT_NAME = "$(TARGET_NAME)";
			};
			name = Release;
		};
		2F39B0881AA4298800575A76 /* Debug */ = {
			isa = XCBuildConfiguration;
			buildSettings = {
				BUNDLE_LOADER = "$(TEST_HOST)";
				FRAMEWORK_SEARCH_PATHS = (
					"$(SDKROOT)/Developer/Library/Frameworks",
					"$(inherited)",
				);
				GCC_PREPROCESSOR_DEFINITIONS = (
					"DEBUG=1",
					"$(inherited)",
				);
				INFOPLIST_FILE = NewsTests/Info.plist;
				LD_RUNPATH_SEARCH_PATHS = "$(inherited) @executable_path/Frameworks @loader_path/Frameworks";
				PRODUCT_NAME = "$(TARGET_NAME)";
				TEST_HOST = "$(BUILT_PRODUCTS_DIR)/News.app/News";
			};
			name = Debug;
		};
		2F39B0891AA4298800575A76 /* Release */ = {
			isa = XCBuildConfiguration;
			buildSettings = {
				BUNDLE_LOADER = "$(TEST_HOST)";
				FRAMEWORK_SEARCH_PATHS = (
					"$(SDKROOT)/Developer/Library/Frameworks",
					"$(inherited)",
				);
				INFOPLIST_FILE = NewsTests/Info.plist;
				LD_RUNPATH_SEARCH_PATHS = "$(inherited) @executable_path/Frameworks @loader_path/Frameworks";
				PRODUCT_NAME = "$(TARGET_NAME)";
				TEST_HOST = "$(BUILT_PRODUCTS_DIR)/News.app/News";
			};
			name = Release;
		};
/* End XCBuildConfiguration section */

/* Begin XCConfigurationList section */
		2F39B05C1AA4298700575A76 /* Build configuration list for PBXProject "News" */ = {
			isa = XCConfigurationList;
			buildConfigurations = (
				2F39B0821AA4298800575A76 /* Debug */,
				2F39B0831AA4298800575A76 /* Release */,
			);
			defaultConfigurationIsVisible = 0;
			defaultConfigurationName = Release;
		};
		2F39B0841AA4298800575A76 /* Build configuration list for PBXNativeTarget "News" */ = {
			isa = XCConfigurationList;
			buildConfigurations = (
				2F39B0851AA4298800575A76 /* Debug */,
				2F39B0861AA4298800575A76 /* Release */,
			);
			defaultConfigurationIsVisible = 0;
		};
		2F39B0871AA4298800575A76 /* Build configuration list for PBXNativeTarget "NewsTests" */ = {
			isa = XCConfigurationList;
			buildConfigurations = (
				2F39B0881AA4298800575A76 /* Debug */,
				2F39B0891AA4298800575A76 /* Release */,
			);
			defaultConfigurationIsVisible = 0;
		};
/* End XCConfigurationList section */
	};
	rootObject = 2F39B0591AA4298700575A76 /* Project object */;
}
